// !$*UTF8*$!
{
	archiveVersion = 1;
	classes = {
	};
	objectVersion = 56;
	objects = {

/* Begin PBXBuildFile section */
		DE6C45C22C135753007674B9 /* AppDelegate.swift in Sources */ = {isa = PBXBuildFile; fileRef = DE6C45C12C135753007674B9 /* AppDelegate.swift */; };
		DE6C45C42C135753007674B9 /* SceneDelegate.swift in Sources */ = {isa = PBXBuildFile; fileRef = DE6C45C32C135753007674B9 /* SceneDelegate.swift */; };
		DE6C45C62C135753007674B9 /* ViewController.swift in Sources */ = {isa = PBXBuildFile; fileRef = DE6C45C52C135753007674B9 /* ViewController.swift */; };
		DE6C45CB2C135755007674B9 /* Assets.xcassets in Resources */ = {isa = PBXBuildFile; fileRef = DE6C45CA2C135755007674B9 /* Assets.xcassets */; };
		DE6C45CE2C135755007674B9 /* Base in Resources */ = {isa = PBXBuildFile; fileRef = DE6C45CD2C135755007674B9 /* Base */; };
		DE6C45D92C135755007674B9 /* BMICalculatorTests.swift in Sources */ = {isa = PBXBuildFile; fileRef = DE6C45D82C135755007674B9 /* BMICalculatorTests.swift */; };
		DE6C45E32C135755007674B9 /* BMICalculatorUITests.swift in Sources */ = {isa = PBXBuildFile; fileRef = DE6C45E22C135755007674B9 /* BMICalculatorUITests.swift */; };
		DE6C45E52C135755007674B9 /* BMICalculatorUITestsLaunchTests.swift in Sources */ = {isa = PBXBuildFile; fileRef = DE6C45E42C135755007674B9 /* BMICalculatorUITestsLaunchTests.swift */; };
		DE6C45F42C135801007674B9 /* SnapKit in Frameworks */ = {isa = PBXBuildFile; productRef = DE6C45F32C135801007674B9 /* SnapKit */; };
		DE6C45F72C135811007674B9 /* CombineCocoa in Frameworks */ = {isa = PBXBuildFile; productRef = DE6C45F62C135811007674B9 /* CombineCocoa */; };
		DE6C45FA2C135843007674B9 /* CombineCocoa in Frameworks */ = {isa = PBXBuildFile; productRef = DE6C45F92C135843007674B9 /* CombineCocoa */; };
		DE6C45FD2C13588E007674B9 /* SnapshotTesting in Frameworks */ = {isa = PBXBuildFile; productRef = DE6C45FC2C13588E007674B9 /* SnapshotTesting */; };
		DE6C45FF2C13589E007674B9 /* CombineCocoa in Frameworks */ = {isa = PBXBuildFile; productRef = DE6C45FE2C13589E007674B9 /* CombineCocoa */; };
		DE6C46022C135CB8007674B9 /* LogoView.swift in Sources */ = {isa = PBXBuildFile; fileRef = DE6C46012C135CB8007674B9 /* LogoView.swift */; };
		DE6C46042C135E08007674B9 /* ResultView.swift in Sources */ = {isa = PBXBuildFile; fileRef = DE6C46032C135E08007674B9 /* ResultView.swift */; };
		DE6C46062C135E34007674B9 /* WeightInputView.swift in Sources */ = {isa = PBXBuildFile; fileRef = DE6C46052C135E34007674B9 /* WeightInputView.swift */; };
		DE6C46082C135E4C007674B9 /* HeightInputView.swift in Sources */ = {isa = PBXBuildFile; fileRef = DE6C46072C135E4C007674B9 /* HeightInputView.swift */; };
		DE6C460A2C135E64007674B9 /* StatusInputView.swift in Sources */ = {isa = PBXBuildFile; fileRef = DE6C46092C135E64007674B9 /* StatusInputView.swift */; };
		DE6C460D2C1394FB007674B9 /* ThemeColor.swift in Sources */ = {isa = PBXBuildFile; fileRef = DE6C460C2C1394FB007674B9 /* ThemeColor.swift */; };
		DE6C460F2C139505007674B9 /* ThemeFont.swift in Sources */ = {isa = PBXBuildFile; fileRef = DE6C460E2C139505007674B9 /* ThemeFont.swift */; };
		DE6C46122C139531007674B9 /* UIColor+Extension.swift in Sources */ = {isa = PBXBuildFile; fileRef = DE6C46112C139531007674B9 /* UIColor+Extension.swift */; };
		DE6C46152C139B1C007674B9 /* Label.swift in Sources */ = {isa = PBXBuildFile; fileRef = DE6C46142C139B1C007674B9 /* Label.swift */; };
		DE6C46172C177E65007674B9 /* UIView+Extension.swift in Sources */ = {isa = PBXBuildFile; fileRef = DE6C46162C177E65007674B9 /* UIView+Extension.swift */; };
		DE6C46192C17975C007674B9 /* AmountView.swift in Sources */ = {isa = PBXBuildFile; fileRef = DE6C46182C17975C007674B9 /* AmountView.swift */; };
		DE6C461B2C19CFBE007674B9 /* HeaderView.swift in Sources */ = {isa = PBXBuildFile; fileRef = DE6C461A2C19CFBE007674B9 /* HeaderView.swift */; };
		DE6C461F2C1A1D92007674B9 /* AgeInputView.swift in Sources */ = {isa = PBXBuildFile; fileRef = DE6C461E2C1A1D92007674B9 /* AgeInputView.swift */; };
		DE6C46222C1B278F007674B9 /* CalculatorViewModel.swift in Sources */ = {isa = PBXBuildFile; fileRef = DE6C46212C1B278F007674B9 /* CalculatorViewModel.swift */; };
		DE6C46252C1B28A7007674B9 /* Result.swift in Sources */ = {isa = PBXBuildFile; fileRef = DE6C46242C1B28A7007674B9 /* Result.swift */; };
		DE6C46272C24C4F2007674B9 /* Double+Extension.swift in Sources */ = {isa = PBXBuildFile; fileRef = DE6C46262C24C4F2007674B9 /* Double+Extension.swift */; };
		DE6C46292C24D058007674B9 /* Int+Extension.swift in Sources */ = {isa = PBXBuildFile; fileRef = DE6C46282C24D058007674B9 /* Int+Extension.swift */; };
		DE6C462D2C62A620007674B9 /* LogoClickSound.m4a in Resources */ = {isa = PBXBuildFile; fileRef = DE6C462C2C62A620007674B9 /* LogoClickSound.m4a */; };
		DE6C46302C62A667007674B9 /* AudioPlayerService.swift in Sources */ = {isa = PBXBuildFile; fileRef = DE6C462F2C62A667007674B9 /* AudioPlayerService.swift */; };
/* End PBXBuildFile section */

/* Begin PBXContainerItemProxy section */
		DE6C45D52C135755007674B9 /* PBXContainerItemProxy */ = {
			isa = PBXContainerItemProxy;
			containerPortal = DE6C45B62C135753007674B9 /* Project object */;
			proxyType = 1;
			remoteGlobalIDString = DE6C45BD2C135753007674B9;
			remoteInfo = "tip-calculator";
		};
		DE6C45DF2C135755007674B9 /* PBXContainerItemProxy */ = {
			isa = PBXContainerItemProxy;
			containerPortal = DE6C45B62C135753007674B9 /* Project object */;
			proxyType = 1;
			remoteGlobalIDString = DE6C45BD2C135753007674B9;
			remoteInfo = "tip-calculator";
		};
/* End PBXContainerItemProxy section */

/* Begin PBXFileReference section */
		DE6C45BE2C135753007674B9 /* BMI Calculator.app */ = {isa = PBXFileReference; explicitFileType = wrapper.application; includeInIndex = 0; path = "BMI Calculator.app"; sourceTree = BUILT_PRODUCTS_DIR; };
		DE6C45C12C135753007674B9 /* AppDelegate.swift */ = {isa = PBXFileReference; lastKnownFileType = sourcecode.swift; path = AppDelegate.swift; sourceTree = "<group>"; };
		DE6C45C32C135753007674B9 /* SceneDelegate.swift */ = {isa = PBXFileReference; lastKnownFileType = sourcecode.swift; path = SceneDelegate.swift; sourceTree = "<group>"; };
		DE6C45C52C135753007674B9 /* ViewController.swift */ = {isa = PBXFileReference; lastKnownFileType = sourcecode.swift; path = ViewController.swift; sourceTree = "<group>"; };
		DE6C45CA2C135755007674B9 /* Assets.xcassets */ = {isa = PBXFileReference; lastKnownFileType = folder.assetcatalog; path = Assets.xcassets; sourceTree = "<group>"; };
		DE6C45CD2C135755007674B9 /* Base */ = {isa = PBXFileReference; lastKnownFileType = file.storyboard; name = Base; path = Base.lproj/LaunchScreen.storyboard; sourceTree = "<group>"; };
		DE6C45CF2C135755007674B9 /* Info.plist */ = {isa = PBXFileReference; lastKnownFileType = text.plist.xml; path = Info.plist; sourceTree = "<group>"; };
		DE6C45D42C135755007674B9 /* BMICalculatorTests.xctest */ = {isa = PBXFileReference; explicitFileType = wrapper.cfbundle; includeInIndex = 0; path = BMICalculatorTests.xctest; sourceTree = BUILT_PRODUCTS_DIR; };
		DE6C45D82C135755007674B9 /* BMICalculatorTests.swift */ = {isa = PBXFileReference; lastKnownFileType = sourcecode.swift; path = BMICalculatorTests.swift; sourceTree = "<group>"; };
		DE6C45DE2C135755007674B9 /* BMICalculatorUITests.xctest */ = {isa = PBXFileReference; explicitFileType = wrapper.cfbundle; includeInIndex = 0; path = BMICalculatorUITests.xctest; sourceTree = BUILT_PRODUCTS_DIR; };
		DE6C45E22C135755007674B9 /* BMICalculatorUITests.swift */ = {isa = PBXFileReference; lastKnownFileType = sourcecode.swift; path = BMICalculatorUITests.swift; sourceTree = "<group>"; };
		DE6C45E42C135755007674B9 /* BMICalculatorUITestsLaunchTests.swift */ = {isa = PBXFileReference; lastKnownFileType = sourcecode.swift; path = BMICalculatorUITestsLaunchTests.swift; sourceTree = "<group>"; };
		DE6C46012C135CB8007674B9 /* LogoView.swift */ = {isa = PBXFileReference; lastKnownFileType = sourcecode.swift; path = LogoView.swift; sourceTree = "<group>"; };
		DE6C46032C135E08007674B9 /* ResultView.swift */ = {isa = PBXFileReference; lastKnownFileType = sourcecode.swift; path = ResultView.swift; sourceTree = "<group>"; };
		DE6C46052C135E34007674B9 /* WeightInputView.swift */ = {isa = PBXFileReference; lastKnownFileType = sourcecode.swift; path = WeightInputView.swift; sourceTree = "<group>"; };
		DE6C46072C135E4C007674B9 /* HeightInputView.swift */ = {isa = PBXFileReference; lastKnownFileType = sourcecode.swift; path = HeightInputView.swift; sourceTree = "<group>"; };
		DE6C46092C135E64007674B9 /* StatusInputView.swift */ = {isa = PBXFileReference; lastKnownFileType = sourcecode.swift; path = StatusInputView.swift; sourceTree = "<group>"; };
		DE6C460C2C1394FB007674B9 /* ThemeColor.swift */ = {isa = PBXFileReference; lastKnownFileType = sourcecode.swift; path = ThemeColor.swift; sourceTree = "<group>"; };
		DE6C460E2C139505007674B9 /* ThemeFont.swift */ = {isa = PBXFileReference; lastKnownFileType = sourcecode.swift; path = ThemeFont.swift; sourceTree = "<group>"; };
		DE6C46112C139531007674B9 /* UIColor+Extension.swift */ = {isa = PBXFileReference; lastKnownFileType = sourcecode.swift; path = "UIColor+Extension.swift"; sourceTree = "<group>"; };
		DE6C46142C139B1C007674B9 /* Label.swift */ = {isa = PBXFileReference; lastKnownFileType = sourcecode.swift; path = Label.swift; sourceTree = "<group>"; };
		DE6C46162C177E65007674B9 /* UIView+Extension.swift */ = {isa = PBXFileReference; lastKnownFileType = sourcecode.swift; path = "UIView+Extension.swift"; sourceTree = "<group>"; };
		DE6C46182C17975C007674B9 /* AmountView.swift */ = {isa = PBXFileReference; lastKnownFileType = sourcecode.swift; path = AmountView.swift; sourceTree = "<group>"; };
		DE6C461A2C19CFBE007674B9 /* HeaderView.swift */ = {isa = PBXFileReference; lastKnownFileType = sourcecode.swift; path = HeaderView.swift; sourceTree = "<group>"; };
		DE6C461E2C1A1D92007674B9 /* AgeInputView.swift */ = {isa = PBXFileReference; lastKnownFileType = sourcecode.swift; path = AgeInputView.swift; sourceTree = "<group>"; };
		DE6C46212C1B278F007674B9 /* CalculatorViewModel.swift */ = {isa = PBXFileReference; lastKnownFileType = sourcecode.swift; path = CalculatorViewModel.swift; sourceTree = "<group>"; };
		DE6C46242C1B28A7007674B9 /* Result.swift */ = {isa = PBXFileReference; lastKnownFileType = sourcecode.swift; path = Result.swift; sourceTree = "<group>"; };
		DE6C46262C24C4F2007674B9 /* Double+Extension.swift */ = {isa = PBXFileReference; lastKnownFileType = sourcecode.swift; path = "Double+Extension.swift"; sourceTree = "<group>"; };
		DE6C46282C24D058007674B9 /* Int+Extension.swift */ = {isa = PBXFileReference; lastKnownFileType = sourcecode.swift; path = "Int+Extension.swift"; sourceTree = "<group>"; };
		DE6C462C2C62A620007674B9 /* LogoClickSound.m4a */ = {isa = PBXFileReference; lastKnownFileType = file; name = LogoClickSound.m4a; path = ../../../../../Downloads/LogoClickSound.m4a; sourceTree = "<group>"; };
		DE6C462F2C62A667007674B9 /* AudioPlayerService.swift */ = {isa = PBXFileReference; lastKnownFileType = sourcecode.swift; path = AudioPlayerService.swift; sourceTree = "<group>"; };
		DE9F71342C9492F2003E6EA5 /* README.md */ = {isa = PBXFileReference; lastKnownFileType = net.daringfireball.markdown; path = README.md; sourceTree = "<group>"; };
/* End PBXFileReference section */

/* Begin PBXFrameworksBuildPhase section */
		DE6C45BB2C135753007674B9 /* Frameworks */ = {
			isa = PBXFrameworksBuildPhase;
			buildActionMask = 2147483647;
			files = (
				DE6C45F72C135811007674B9 /* CombineCocoa in Frameworks */,
				DE6C45F42C135801007674B9 /* SnapKit in Frameworks */,
			);
			runOnlyForDeploymentPostprocessing = 0;
		};
		DE6C45D12C135755007674B9 /* Frameworks */ = {
			isa = PBXFrameworksBuildPhase;
			buildActionMask = 2147483647;
			files = (
				DE6C45FA2C135843007674B9 /* CombineCocoa in Frameworks */,
				DE6C45FD2C13588E007674B9 /* SnapshotTesting in Frameworks */,
			);
			runOnlyForDeploymentPostprocessing = 0;
		};
		DE6C45DB2C135755007674B9 /* Frameworks */ = {
			isa = PBXFrameworksBuildPhase;
			buildActionMask = 2147483647;
			files = (
				DE6C45FF2C13589E007674B9 /* CombineCocoa in Frameworks */,
			);
			runOnlyForDeploymentPostprocessing = 0;
		};
/* End PBXFrameworksBuildPhase section */

/* Begin PBXGroup section */
		DE6C45B52C135753007674B9 = {
			isa = PBXGroup;
			children = (
				DE9F71342C9492F2003E6EA5 /* README.md */,
				DE6C45C02C135753007674B9 /* BMICalculator */,
				DE6C45D72C135755007674B9 /* BMICalculatorTests */,
				DE6C45E12C135755007674B9 /* BMICalculatorUITests */,
				DE6C45BF2C135753007674B9 /* Products */,
				DE6C45F82C135843007674B9 /* Frameworks */,
			);
			sourceTree = "<group>";
		};
		DE6C45BF2C135753007674B9 /* Products */ = {
			isa = PBXGroup;
			children = (
				DE6C45BE2C135753007674B9 /* BMI Calculator.app */,
				DE6C45D42C135755007674B9 /* BMICalculatorTests.xctest */,
				DE6C45DE2C135755007674B9 /* BMICalculatorUITests.xctest */,
			);
			name = Products;
			sourceTree = "<group>";
		};
		DE6C45C02C135753007674B9 /* BMICalculator */ = {
			isa = PBXGroup;
			children = (
				DE6C462E2C62A65A007674B9 /* Service */,
				DE6C462A2C62A5D3007674B9 /* Resource */,
				DE6C46232C1B2884007674B9 /* Model */,
				DE6C46202C1B2779007674B9 /* ViewModel */,
				DE6C46132C139B07007674B9 /* Components */,
				DE6C46102C139524007674B9 /* Extension */,
				DE6C460B2C1394EF007674B9 /* Config */,
				DE6C46002C135CAC007674B9 /* View */,
				DE6C45C12C135753007674B9 /* AppDelegate.swift */,
				DE6C45C32C135753007674B9 /* SceneDelegate.swift */,
				DE6C45C52C135753007674B9 /* ViewController.swift */,
				DE6C45CA2C135755007674B9 /* Assets.xcassets */,
				DE6C45CC2C135755007674B9 /* LaunchScreen.storyboard */,
				DE6C45CF2C135755007674B9 /* Info.plist */,
			);
			path = BMICalculator;
			sourceTree = "<group>";
		};
		DE6C45D72C135755007674B9 /* BMICalculatorTests */ = {
			isa = PBXGroup;
			children = (
				DE6C45D82C135755007674B9 /* BMICalculatorTests.swift */,
			);
			path = BMICalculatorTests;
			sourceTree = "<group>";
		};
		DE6C45E12C135755007674B9 /* BMICalculatorUITests */ = {
			isa = PBXGroup;
			children = (
				DE6C45E22C135755007674B9 /* BMICalculatorUITests.swift */,
				DE6C45E42C135755007674B9 /* BMICalculatorUITestsLaunchTests.swift */,
			);
			path = BMICalculatorUITests;
			sourceTree = "<group>";
		};
		DE6C45F82C135843007674B9 /* Frameworks */ = {
			isa = PBXGroup;
			children = (
			);
			name = Frameworks;
			sourceTree = "<group>";
		};
		DE6C46002C135CAC007674B9 /* View */ = {
			isa = PBXGroup;
			children = (
				DE6C46012C135CB8007674B9 /* LogoView.swift */,
				DE6C46032C135E08007674B9 /* ResultView.swift */,
				DE6C46052C135E34007674B9 /* WeightInputView.swift */,
				DE6C46072C135E4C007674B9 /* HeightInputView.swift */,
				DE6C46092C135E64007674B9 /* StatusInputView.swift */,
				DE6C46182C17975C007674B9 /* AmountView.swift */,
				DE6C461A2C19CFBE007674B9 /* HeaderView.swift */,
				DE6C461E2C1A1D92007674B9 /* AgeInputView.swift */,
			);
			path = View;
			sourceTree = "<group>";
		};
		DE6C460B2C1394EF007674B9 /* Config */ = {
			isa = PBXGroup;
			children = (
				DE6C460C2C1394FB007674B9 /* ThemeColor.swift */,
				DE6C460E2C139505007674B9 /* ThemeFont.swift */,
			);
			path = Config;
			sourceTree = "<group>";
		};
		DE6C46102C139524007674B9 /* Extension */ = {
			isa = PBXGroup;
			children = (
				DE6C46112C139531007674B9 /* UIColor+Extension.swift */,
				DE6C46162C177E65007674B9 /* UIView+Extension.swift */,
				DE6C46262C24C4F2007674B9 /* Double+Extension.swift */,
				DE6C46282C24D058007674B9 /* Int+Extension.swift */,
			);
			path = Extension;
			sourceTree = "<group>";
		};
		DE6C46132C139B07007674B9 /* Components */ = {
			isa = PBXGroup;
			children = (
				DE6C46142C139B1C007674B9 /* Label.swift */,
			);
			path = Components;
			sourceTree = "<group>";
		};
		DE6C46202C1B2779007674B9 /* ViewModel */ = {
			isa = PBXGroup;
			children = (
				DE6C46212C1B278F007674B9 /* CalculatorViewModel.swift */,
			);
			path = ViewModel;
			sourceTree = "<group>";
		};
		DE6C46232C1B2884007674B9 /* Model */ = {
			isa = PBXGroup;
			children = (
				DE6C46242C1B28A7007674B9 /* Result.swift */,
			);
			path = Model;
			sourceTree = "<group>";
		};
		DE6C462A2C62A5D3007674B9 /* Resource */ = {
			isa = PBXGroup;
			children = (
				DE6C462C2C62A620007674B9 /* LogoClickSound.m4a */,
			);
			path = Resource;
			sourceTree = "<group>";
		};
		DE6C462E2C62A65A007674B9 /* Service */ = {
			isa = PBXGroup;
			children = (
				DE6C462F2C62A667007674B9 /* AudioPlayerService.swift */,
			);
			path = Service;
			sourceTree = "<group>";
		};
/* End PBXGroup section */

/* Begin PBXNativeTarget section */
		DE6C45BD2C135753007674B9 /* BMICalculator */ = {
			isa = PBXNativeTarget;
			buildConfigurationList = DE6C45E82C135755007674B9 /* Build configuration list for PBXNativeTarget "BMICalculator" */;
			buildPhases = (
				DE6C45BA2C135753007674B9 /* Sources */,
				DE6C45BB2C135753007674B9 /* Frameworks */,
				DE6C45BC2C135753007674B9 /* Resources */,
			);
			buildRules = (
			);
			dependencies = (
			);
			name = BMICalculator;
			packageProductDependencies = (
				DE6C45F32C135801007674B9 /* SnapKit */,
				DE6C45F62C135811007674B9 /* CombineCocoa */,
			);
			productName = "tip-calculator";
			productReference = DE6C45BE2C135753007674B9 /* BMI Calculator.app */;
			productType = "com.apple.product-type.application";
		};
		DE6C45D32C135755007674B9 /* BMICalculatorTests */ = {
			isa = PBXNativeTarget;
			buildConfigurationList = DE6C45EB2C135755007674B9 /* Build configuration list for PBXNativeTarget "BMICalculatorTests" */;
			buildPhases = (
				DE6C45D02C135755007674B9 /* Sources */,
				DE6C45D12C135755007674B9 /* Frameworks */,
				DE6C45D22C135755007674B9 /* Resources */,
			);
			buildRules = (
			);
			dependencies = (
				DE6C45D62C135755007674B9 /* PBXTargetDependency */,
			);
			name = BMICalculatorTests;
			packageProductDependencies = (
				DE6C45F92C135843007674B9 /* CombineCocoa */,
				DE6C45FC2C13588E007674B9 /* SnapshotTesting */,
			);
			productName = "tip-calculatorTests";
			productReference = DE6C45D42C135755007674B9 /* BMICalculatorTests.xctest */;
			productType = "com.apple.product-type.bundle.unit-test";
		};
		DE6C45DD2C135755007674B9 /* BMICalculatorUITests */ = {
			isa = PBXNativeTarget;
			buildConfigurationList = DE6C45EE2C135755007674B9 /* Build configuration list for PBXNativeTarget "BMICalculatorUITests" */;
			buildPhases = (
				DE6C45DA2C135755007674B9 /* Sources */,
				DE6C45DB2C135755007674B9 /* Frameworks */,
				DE6C45DC2C135755007674B9 /* Resources */,
			);
			buildRules = (
			);
			dependencies = (
				DE6C45E02C135755007674B9 /* PBXTargetDependency */,
			);
			name = BMICalculatorUITests;
			packageProductDependencies = (
				DE6C45FE2C13589E007674B9 /* CombineCocoa */,
			);
			productName = "tip-calculatorUITests";
			productReference = DE6C45DE2C135755007674B9 /* BMICalculatorUITests.xctest */;
			productType = "com.apple.product-type.bundle.ui-testing";
		};
/* End PBXNativeTarget section */

/* Begin PBXProject section */
		DE6C45B62C135753007674B9 /* Project object */ = {
			isa = PBXProject;
			attributes = {
				BuildIndependentTargetsInParallel = 1;
				LastSwiftUpdateCheck = 1540;
				LastUpgradeCheck = 1540;
				TargetAttributes = {
					DE6C45BD2C135753007674B9 = {
						CreatedOnToolsVersion = 15.4;
					};
					DE6C45D32C135755007674B9 = {
						CreatedOnToolsVersion = 15.4;
						TestTargetID = DE6C45BD2C135753007674B9;
					};
					DE6C45DD2C135755007674B9 = {
						CreatedOnToolsVersion = 15.4;
						TestTargetID = DE6C45BD2C135753007674B9;
					};
				};
			};
			buildConfigurationList = DE6C45B92C135753007674B9 /* Build configuration list for PBXProject "BMICalculator" */;
			compatibilityVersion = "Xcode 14.0";
			developmentRegion = en;
			hasScannedForEncodings = 0;
			knownRegions = (
				en,
				Base,
			);
			mainGroup = DE6C45B52C135753007674B9;
			packageReferences = (
				DE6C45F22C135801007674B9 /* XCRemoteSwiftPackageReference "SnapKit" */,
				DE6C45F52C135811007674B9 /* XCRemoteSwiftPackageReference "CombineCocoa" */,
				DE6C45FB2C13588E007674B9 /* XCRemoteSwiftPackageReference "swift-snapshot-testing" */,
			);
			productRefGroup = DE6C45BF2C135753007674B9 /* Products */;
			projectDirPath = "";
			projectRoot = "";
			targets = (
				DE6C45BD2C135753007674B9 /* BMICalculator */,
				DE6C45D32C135755007674B9 /* BMICalculatorTests */,
				DE6C45DD2C135755007674B9 /* BMICalculatorUITests */,
			);
		};
/* End PBXProject section */

/* Begin PBXResourcesBuildPhase section */
		DE6C45BC2C135753007674B9 /* Resources */ = {
			isa = PBXResourcesBuildPhase;
			buildActionMask = 2147483647;
			files = (
				DE6C45CB2C135755007674B9 /* Assets.xcassets in Resources */,
				DE6C45CE2C135755007674B9 /* Base in Resources */,
				DE6C462D2C62A620007674B9 /* LogoClickSound.m4a in Resources */,
			);
			runOnlyForDeploymentPostprocessing = 0;
		};
		DE6C45D22C135755007674B9 /* Resources */ = {
			isa = PBXResourcesBuildPhase;
			buildActionMask = 2147483647;
			files = (
			);
			runOnlyForDeploymentPostprocessing = 0;
		};
		DE6C45DC2C135755007674B9 /* Resources */ = {
			isa = PBXResourcesBuildPhase;
			buildActionMask = 2147483647;
			files = (
			);
			runOnlyForDeploymentPostprocessing = 0;
		};
/* End PBXResourcesBuildPhase section */

/* Begin PBXSourcesBuildPhase section */
		DE6C45BA2C135753007674B9 /* Sources */ = {
			isa = PBXSourcesBuildPhase;
			buildActionMask = 2147483647;
			files = (
				DE6C46252C1B28A7007674B9 /* Result.swift in Sources */,
				DE6C46192C17975C007674B9 /* AmountView.swift in Sources */,
				DE6C45C62C135753007674B9 /* ViewController.swift in Sources */,
				DE6C46172C177E65007674B9 /* UIView+Extension.swift in Sources */,
				DE6C46022C135CB8007674B9 /* LogoView.swift in Sources */,
				DE6C46292C24D058007674B9 /* Int+Extension.swift in Sources */,
				DE6C46152C139B1C007674B9 /* Label.swift in Sources */,
				DE6C461F2C1A1D92007674B9 /* AgeInputView.swift in Sources */,
				DE6C460D2C1394FB007674B9 /* ThemeColor.swift in Sources */,
				DE6C46122C139531007674B9 /* UIColor+Extension.swift in Sources */,
				DE6C46062C135E34007674B9 /* WeightInputView.swift in Sources */,
				DE6C46302C62A667007674B9 /* AudioPlayerService.swift in Sources */,
				DE6C46042C135E08007674B9 /* ResultView.swift in Sources */,
				DE6C46272C24C4F2007674B9 /* Double+Extension.swift in Sources */,
				DE6C45C22C135753007674B9 /* AppDelegate.swift in Sources */,
				DE6C461B2C19CFBE007674B9 /* HeaderView.swift in Sources */,
				DE6C46222C1B278F007674B9 /* CalculatorViewModel.swift in Sources */,
				DE6C460F2C139505007674B9 /* ThemeFont.swift in Sources */,
				DE6C45C42C135753007674B9 /* SceneDelegate.swift in Sources */,
				DE6C460A2C135E64007674B9 /* StatusInputView.swift in Sources */,
				DE6C46082C135E4C007674B9 /* HeightInputView.swift in Sources */,
			);
			runOnlyForDeploymentPostprocessing = 0;
		};
		DE6C45D02C135755007674B9 /* Sources */ = {
			isa = PBXSourcesBuildPhase;
			buildActionMask = 2147483647;
			files = (
				DE6C45D92C135755007674B9 /* BMICalculatorTests.swift in Sources */,
			);
			runOnlyForDeploymentPostprocessing = 0;
		};
		DE6C45DA2C135755007674B9 /* Sources */ = {
			isa = PBXSourcesBuildPhase;
			buildActionMask = 2147483647;
			files = (
				DE6C45E52C135755007674B9 /* BMICalculatorUITestsLaunchTests.swift in Sources */,
				DE6C45E32C135755007674B9 /* BMICalculatorUITests.swift in Sources */,
			);
			runOnlyForDeploymentPostprocessing = 0;
		};
/* End PBXSourcesBuildPhase section */

/* Begin PBXTargetDependency section */
		DE6C45D62C135755007674B9 /* PBXTargetDependency */ = {
			isa = PBXTargetDependency;
			target = DE6C45BD2C135753007674B9 /* BMICalculator */;
			targetProxy = DE6C45D52C135755007674B9 /* PBXContainerItemProxy */;
		};
		DE6C45E02C135755007674B9 /* PBXTargetDependency */ = {
			isa = PBXTargetDependency;
			target = DE6C45BD2C135753007674B9 /* BMICalculator */;
			targetProxy = DE6C45DF2C135755007674B9 /* PBXContainerItemProxy */;
		};
/* End PBXTargetDependency section */

/* Begin PBXVariantGroup section */
		DE6C45CC2C135755007674B9 /* LaunchScreen.storyboard */ = {
			isa = PBXVariantGroup;
			children = (
				DE6C45CD2C135755007674B9 /* Base */,
			);
			name = LaunchScreen.storyboard;
			sourceTree = "<group>";
		};
/* End PBXVariantGroup section */

/* Begin XCBuildConfiguration section */
		DE6C45E62C135755007674B9 /* Debug */ = {
			isa = XCBuildConfiguration;
			buildSettings = {
				ALWAYS_SEARCH_USER_PATHS = NO;
				ASSETCATALOG_COMPILER_GENERATE_SWIFT_ASSET_SYMBOL_EXTENSIONS = YES;
				CLANG_ANALYZER_NONNULL = YES;
				CLANG_ANALYZER_NUMBER_OBJECT_CONVERSION = YES_AGGRESSIVE;
				CLANG_CXX_LANGUAGE_STANDARD = "gnu++20";
				CLANG_ENABLE_MODULES = YES;
				CLANG_ENABLE_OBJC_ARC = YES;
				CLANG_ENABLE_OBJC_WEAK = YES;
				CLANG_WARN_BLOCK_CAPTURE_AUTORELEASING = YES;
				CLANG_WARN_BOOL_CONVERSION = YES;
				CLANG_WARN_COMMA = YES;
				CLANG_WARN_CONSTANT_CONVERSION = YES;
				CLANG_WARN_DEPRECATED_OBJC_IMPLEMENTATIONS = YES;
				CLANG_WARN_DIRECT_OBJC_ISA_USAGE = YES_ERROR;
				CLANG_WARN_DOCUMENTATION_COMMENTS = YES;
				CLANG_WARN_EMPTY_BODY = YES;
				CLANG_WARN_ENUM_CONVERSION = YES;
				CLANG_WARN_INFINITE_RECURSION = YES;
				CLANG_WARN_INT_CONVERSION = YES;
				CLANG_WARN_NON_LITERAL_NULL_CONVERSION = YES;
				CLANG_WARN_OBJC_IMPLICIT_RETAIN_SELF = YES;
				CLANG_WARN_OBJC_LITERAL_CONVERSION = YES;
				CLANG_WARN_OBJC_ROOT_CLASS = YES_ERROR;
				CLANG_WARN_QUOTED_INCLUDE_IN_FRAMEWORK_HEADER = YES;
				CLANG_WARN_RANGE_LOOP_ANALYSIS = YES;
				CLANG_WARN_STRICT_PROTOTYPES = YES;
				CLANG_WARN_SUSPICIOUS_MOVE = YES;
				CLANG_WARN_UNGUARDED_AVAILABILITY = YES_AGGRESSIVE;
				CLANG_WARN_UNREACHABLE_CODE = YES;
				CLANG_WARN__DUPLICATE_METHOD_MATCH = YES;
				COPY_PHASE_STRIP = NO;
				DEBUG_INFORMATION_FORMAT = dwarf;
				ENABLE_STRICT_OBJC_MSGSEND = YES;
				ENABLE_TESTABILITY = YES;
				ENABLE_USER_SCRIPT_SANDBOXING = YES;
				GCC_C_LANGUAGE_STANDARD = gnu17;
				GCC_DYNAMIC_NO_PIC = NO;
				GCC_NO_COMMON_BLOCKS = YES;
				GCC_OPTIMIZATION_LEVEL = 0;
				GCC_PREPROCESSOR_DEFINITIONS = (
					"DEBUG=1",
					"$(inherited)",
				);
				GCC_WARN_64_TO_32_BIT_CONVERSION = YES;
				GCC_WARN_ABOUT_RETURN_TYPE = YES_ERROR;
				GCC_WARN_UNDECLARED_SELECTOR = YES;
				GCC_WARN_UNINITIALIZED_AUTOS = YES_AGGRESSIVE;
				GCC_WARN_UNUSED_FUNCTION = YES;
				GCC_WARN_UNUSED_VARIABLE = YES;
				IPHONEOS_DEPLOYMENT_TARGET = 17.5;
				LOCALIZATION_PREFERS_STRING_CATALOGS = YES;
				MTL_ENABLE_DEBUG_INFO = INCLUDE_SOURCE;
				MTL_FAST_MATH = YES;
				ONLY_ACTIVE_ARCH = YES;
				SDKROOT = iphoneos;
				SWIFT_ACTIVE_COMPILATION_CONDITIONS = "DEBUG $(inherited)";
				SWIFT_OPTIMIZATION_LEVEL = "-Onone";
			};
			name = Debug;
		};
		DE6C45E72C135755007674B9 /* Release */ = {
			isa = XCBuildConfiguration;
			buildSettings = {
				ALWAYS_SEARCH_USER_PATHS = NO;
				ASSETCATALOG_COMPILER_GENERATE_SWIFT_ASSET_SYMBOL_EXTENSIONS = YES;
				CLANG_ANALYZER_NONNULL = YES;
				CLANG_ANALYZER_NUMBER_OBJECT_CONVERSION = YES_AGGRESSIVE;
				CLANG_CXX_LANGUAGE_STANDARD = "gnu++20";
				CLANG_ENABLE_MODULES = YES;
				CLANG_ENABLE_OBJC_ARC = YES;
				CLANG_ENABLE_OBJC_WEAK = YES;
				CLANG_WARN_BLOCK_CAPTURE_AUTORELEASING = YES;
				CLANG_WARN_BOOL_CONVERSION = YES;
				CLANG_WARN_COMMA = YES;
				CLANG_WARN_CONSTANT_CONVERSION = YES;
				CLANG_WARN_DEPRECATED_OBJC_IMPLEMENTATIONS = YES;
				CLANG_WARN_DIRECT_OBJC_ISA_USAGE = YES_ERROR;
				CLANG_WARN_DOCUMENTATION_COMMENTS = YES;
				CLANG_WARN_EMPTY_BODY = YES;
				CLANG_WARN_ENUM_CONVERSION = YES;
				CLANG_WARN_INFINITE_RECURSION = YES;
				CLANG_WARN_INT_CONVERSION = YES;
				CLANG_WARN_NON_LITERAL_NULL_CONVERSION = YES;
				CLANG_WARN_OBJC_IMPLICIT_RETAIN_SELF = YES;
				CLANG_WARN_OBJC_LITERAL_CONVERSION = YES;
				CLANG_WARN_OBJC_ROOT_CLASS = YES_ERROR;
				CLANG_WARN_QUOTED_INCLUDE_IN_FRAMEWORK_HEADER = YES;
				CLANG_WARN_RANGE_LOOP_ANALYSIS = YES;
				CLANG_WARN_STRICT_PROTOTYPES = YES;
				CLANG_WARN_SUSPICIOUS_MOVE = YES;
				CLANG_WARN_UNGUARDED_AVAILABILITY = YES_AGGRESSIVE;
				CLANG_WARN_UNREACHABLE_CODE = YES;
				CLANG_WARN__DUPLICATE_METHOD_MATCH = YES;
				COPY_PHASE_STRIP = NO;
				DEBUG_INFORMATION_FORMAT = "dwarf-with-dsym";
				ENABLE_NS_ASSERTIONS = NO;
				ENABLE_STRICT_OBJC_MSGSEND = YES;
				ENABLE_USER_SCRIPT_SANDBOXING = YES;
				GCC_C_LANGUAGE_STANDARD = gnu17;
				GCC_NO_COMMON_BLOCKS = YES;
				GCC_WARN_64_TO_32_BIT_CONVERSION = YES;
				GCC_WARN_ABOUT_RETURN_TYPE = YES_ERROR;
				GCC_WARN_UNDECLARED_SELECTOR = YES;
				GCC_WARN_UNINITIALIZED_AUTOS = YES_AGGRESSIVE;
				GCC_WARN_UNUSED_FUNCTION = YES;
				GCC_WARN_UNUSED_VARIABLE = YES;
				IPHONEOS_DEPLOYMENT_TARGET = 17.5;
				LOCALIZATION_PREFERS_STRING_CATALOGS = YES;
				MTL_ENABLE_DEBUG_INFO = NO;
				MTL_FAST_MATH = YES;
				SDKROOT = iphoneos;
				SWIFT_COMPILATION_MODE = wholemodule;
				VALIDATE_PRODUCT = YES;
			};
			name = Release;
		};
		DE6C45E92C135755007674B9 /* Debug */ = {
			isa = XCBuildConfiguration;
			buildSettings = {
				ASSETCATALOG_COMPILER_APPICON_NAME = AppIcon;
				ASSETCATALOG_COMPILER_GLOBAL_ACCENT_COLOR_NAME = AccentColor;
				CODE_SIGN_STYLE = Automatic;
				CURRENT_PROJECT_VERSION = 1;
				DEVELOPMENT_TEAM = G8W92UTPQC;
				GENERATE_INFOPLIST_FILE = YES;
				INFOPLIST_FILE = BMICalculator/Info.plist;
				INFOPLIST_KEY_UIApplicationSupportsIndirectInputEvents = YES;
				INFOPLIST_KEY_UILaunchStoryboardName = LaunchScreen;
				INFOPLIST_KEY_UISupportedInterfaceOrientations_iPad = "UIInterfaceOrientationPortrait UIInterfaceOrientationPortraitUpsideDown UIInterfaceOrientationLandscapeLeft UIInterfaceOrientationLandscapeRight";
				INFOPLIST_KEY_UISupportedInterfaceOrientations_iPhone = "UIInterfaceOrientationPortrait UIInterfaceOrientationLandscapeLeft UIInterfaceOrientationLandscapeRight";
				LD_RUNPATH_SEARCH_PATHS = (
					"$(inherited)",
					"@executable_path/Frameworks",
				);
				MARKETING_VERSION = 1.0;
				PRODUCT_BUNDLE_IDENTIFIER = "MatthewMTravers.tip-calculator";
				PRODUCT_NAME = "BMI Calculator";
				SWIFT_EMIT_LOC_STRINGS = YES;
				SWIFT_VERSION = 5.0;
				TARGETED_DEVICE_FAMILY = "1,2";
			};
			name = Debug;
		};
		DE6C45EA2C135755007674B9 /* Release */ = {
			isa = XCBuildConfiguration;
			buildSettings = {
				ASSETCATALOG_COMPILER_APPICON_NAME = AppIcon;
				ASSETCATALOG_COMPILER_GLOBAL_ACCENT_COLOR_NAME = AccentColor;
				CODE_SIGN_STYLE = Automatic;
				CURRENT_PROJECT_VERSION = 1;
				DEVELOPMENT_TEAM = G8W92UTPQC;
				GENERATE_INFOPLIST_FILE = YES;
				INFOPLIST_FILE = BMICalculator/Info.plist;
				INFOPLIST_KEY_UIApplicationSupportsIndirectInputEvents = YES;
				INFOPLIST_KEY_UILaunchStoryboardName = LaunchScreen;
				INFOPLIST_KEY_UISupportedInterfaceOrientations_iPad = "UIInterfaceOrientationPortrait UIInterfaceOrientationPortraitUpsideDown UIInterfaceOrientationLandscapeLeft UIInterfaceOrientationLandscapeRight";
				INFOPLIST_KEY_UISupportedInterfaceOrientations_iPhone = "UIInterfaceOrientationPortrait UIInterfaceOrientationLandscapeLeft UIInterfaceOrientationLandscapeRight";
				LD_RUNPATH_SEARCH_PATHS = (
					"$(inherited)",
					"@executable_path/Frameworks",
				);
				MARKETING_VERSION = 1.0;
				PRODUCT_BUNDLE_IDENTIFIER = "MatthewMTravers.tip-calculator";
				PRODUCT_NAME = "BMI Calculator";
				SWIFT_EMIT_LOC_STRINGS = YES;
				SWIFT_VERSION = 5.0;
				TARGETED_DEVICE_FAMILY = "1,2";
			};
			name = Release;
		};
		DE6C45EC2C135755007674B9 /* Debug */ = {
			isa = XCBuildConfiguration;
			buildSettings = {
				ALWAYS_EMBED_SWIFT_STANDARD_LIBRARIES = YES;
				BUNDLE_LOADER = "$(TEST_HOST)";
				CODE_SIGN_STYLE = Automatic;
				CURRENT_PROJECT_VERSION = 1;
				DEVELOPMENT_TEAM = G8W92UTPQC;
				GENERATE_INFOPLIST_FILE = YES;
				IPHONEOS_DEPLOYMENT_TARGET = 17.5;
				MARKETING_VERSION = 1.0;
				PRODUCT_BUNDLE_IDENTIFIER = "MatthewMTravers.tip-calculatorTests";
				PRODUCT_NAME = "$(TARGET_NAME)";
				SWIFT_EMIT_LOC_STRINGS = NO;
				SWIFT_VERSION = 5.0;
				TARGETED_DEVICE_FAMILY = "1,2";
				TEST_HOST = "$(BUILT_PRODUCTS_DIR)/BMICalculator.app/$(BUNDLE_EXECUTABLE_FOLDER_PATH)/BMICalculator";
			};
			name = Debug;
		};
		DE6C45ED2C135755007674B9 /* Release */ = {
			isa = XCBuildConfiguration;
			buildSettings = {
				ALWAYS_EMBED_SWIFT_STANDARD_LIBRARIES = YES;
				BUNDLE_LOADER = "$(TEST_HOST)";
				CODE_SIGN_STYLE = Automatic;
				CURRENT_PROJECT_VERSION = 1;
				DEVELOPMENT_TEAM = G8W92UTPQC;
				GENERATE_INFOPLIST_FILE = YES;
				IPHONEOS_DEPLOYMENT_TARGET = 17.5;
				MARKETING_VERSION = 1.0;
				PRODUCT_BUNDLE_IDENTIFIER = "MatthewMTravers.tip-calculatorTests";
				PRODUCT_NAME = "$(TARGET_NAME)";
				SWIFT_EMIT_LOC_STRINGS = NO;
				SWIFT_VERSION = 5.0;
				TARGETED_DEVICE_FAMILY = "1,2";
				TEST_HOST = "$(BUILT_PRODUCTS_DIR)/BMICalculator.app/$(BUNDLE_EXECUTABLE_FOLDER_PATH)/BMICalculator";
			};
			name = Release;
		};
		DE6C45EF2C135755007674B9 /* Debug */ = {
			isa = XCBuildConfiguration;
			buildSettings = {
				ALWAYS_EMBED_SWIFT_STANDARD_LIBRARIES = YES;
				CODE_SIGN_STYLE = Automatic;
				CURRENT_PROJECT_VERSION = 1;
				DEVELOPMENT_TEAM = G8W92UTPQC;
				GENERATE_INFOPLIST_FILE = YES;
				MARKETING_VERSION = 1.0;
				PRODUCT_BUNDLE_IDENTIFIER = "MatthewMTravers.tip-calculatorUITests";
				PRODUCT_NAME = "$(TARGET_NAME)";
				SWIFT_EMIT_LOC_STRINGS = NO;
				SWIFT_VERSION = 5.0;
				TARGETED_DEVICE_FAMILY = "1,2";
				TEST_TARGET_NAME = "tip-calculator";
			};
			name = Debug;
		};
		DE6C45F02C135755007674B9 /* Release */ = {
			isa = XCBuildConfiguration;
			buildSettings = {
				ALWAYS_EMBED_SWIFT_STANDARD_LIBRARIES = YES;
				CODE_SIGN_STYLE = Automatic;
				CURRENT_PROJECT_VERSION = 1;
				DEVELOPMENT_TEAM = G8W92UTPQC;
				GENERATE_INFOPLIST_FILE = YES;
				MARKETING_VERSION = 1.0;
				PRODUCT_BUNDLE_IDENTIFIER = "MatthewMTravers.tip-calculatorUITests";
				PRODUCT_NAME = "$(TARGET_NAME)";
				SWIFT_EMIT_LOC_STRINGS = NO;
				SWIFT_VERSION = 5.0;
				TARGETED_DEVICE_FAMILY = "1,2";
				TEST_TARGET_NAME = "tip-calculator";
			};
			name = Release;
		};
/* End XCBuildConfiguration section */

/* Begin XCConfigurationList section */
		DE6C45B92C135753007674B9 /* Build configuration list for PBXProject "BMICalculator" */ = {
			isa = XCConfigurationList;
			buildConfigurations = (
				DE6C45E62C135755007674B9 /* Debug */,
				DE6C45E72C135755007674B9 /* Release */,
			);
			defaultConfigurationIsVisible = 0;
			defaultConfigurationName = Release;
		};
		DE6C45E82C135755007674B9 /* Build configuration list for PBXNativeTarget "BMICalculator" */ = {
			isa = XCConfigurationList;
			buildConfigurations = (
				DE6C45E92C135755007674B9 /* Debug */,
				DE6C45EA2C135755007674B9 /* Release */,
			);
			defaultConfigurationIsVisible = 0;
			defaultConfigurationName = Release;
		};
		DE6C45EB2C135755007674B9 /* Build configuration list for PBXNativeTarget "BMICalculatorTests" */ = {
			isa = XCConfigurationList;
			buildConfigurations = (
				DE6C45EC2C135755007674B9 /* Debug */,
				DE6C45ED2C135755007674B9 /* Release */,
			);
			defaultConfigurationIsVisible = 0;
			defaultConfigurationName = Release;
		};
		DE6C45EE2C135755007674B9 /* Build configuration list for PBXNativeTarget "BMICalculatorUITests" */ = {
			isa = XCConfigurationList;
			buildConfigurations = (
				DE6C45EF2C135755007674B9 /* Debug */,
				DE6C45F02C135755007674B9 /* Release */,
			);
			defaultConfigurationIsVisible = 0;
			defaultConfigurationName = Release;
		};
/* End XCConfigurationList section */

/* Begin XCRemoteSwiftPackageReference section */
		DE6C45F22C135801007674B9 /* XCRemoteSwiftPackageReference "SnapKit" */ = {
			isa = XCRemoteSwiftPackageReference;
			repositoryURL = "https://github.com/SnapKit/SnapKit";
			requirement = {
				kind = upToNextMinorVersion;
				minimumVersion = 5.7.1;
			};
		};
		DE6C45F52C135811007674B9 /* XCRemoteSwiftPackageReference "CombineCocoa" */ = {
			isa = XCRemoteSwiftPackageReference;
			repositoryURL = "https://github.com/CombineCommunity/CombineCocoa";
			requirement = {
				kind = upToNextMinorVersion;
				minimumVersion = 0.4.1;
			};
		};
		DE6C45FB2C13588E007674B9 /* XCRemoteSwiftPackageReference "swift-snapshot-testing" */ = {
			isa = XCRemoteSwiftPackageReference;
			repositoryURL = "https://github.com/pointfreeco/swift-snapshot-testing";
			requirement = {
				kind = upToNextMinorVersion;
				minimumVersion = 1.16.0;
			};
		};
/* End XCRemoteSwiftPackageReference section */

/* Begin XCSwiftPackageProductDependency section */
		DE6C45F32C135801007674B9 /* SnapKit */ = {
			isa = XCSwiftPackageProductDependency;
			package = DE6C45F22C135801007674B9 /* XCRemoteSwiftPackageReference "SnapKit" */;
			productName = SnapKit;
		};
		DE6C45F62C135811007674B9 /* CombineCocoa */ = {
			isa = XCSwiftPackageProductDependency;
			package = DE6C45F52C135811007674B9 /* XCRemoteSwiftPackageReference "CombineCocoa" */;
			productName = CombineCocoa;
		};
		DE6C45F92C135843007674B9 /* CombineCocoa */ = {
			isa = XCSwiftPackageProductDependency;
			package = DE6C45F52C135811007674B9 /* XCRemoteSwiftPackageReference "CombineCocoa" */;
			productName = CombineCocoa;
		};
		DE6C45FC2C13588E007674B9 /* SnapshotTesting */ = {
			isa = XCSwiftPackageProductDependency;
			package = DE6C45FB2C13588E007674B9 /* XCRemoteSwiftPackageReference "swift-snapshot-testing" */;
			productName = SnapshotTesting;
		};
		DE6C45FE2C13589E007674B9 /* CombineCocoa */ = {
			isa = XCSwiftPackageProductDependency;
			package = DE6C45F52C135811007674B9 /* XCRemoteSwiftPackageReference "CombineCocoa" */;
			productName = CombineCocoa;
		};
/* End XCSwiftPackageProductDependency section */
	};
	rootObject = DE6C45B62C135753007674B9 /* Project object */;
}
